
Microsoft Visual Studio Solution File, Format Version 12.00
# Visual Studio Version 17
VisualStudioVersion = 17.7.34221.43
MinimumVisualStudioVersion = 10.0.40219.1
Project("{888888A0-9F3D-457C-B088-3A5042F75D52}") = "12-new_blog", "12-new_blog.pyproj", "{7C81DE3C-7212-417B-B0D8-40984C72DE9A}"
EndProject
Global
	GlobalSection(SolutionConfigurationPlatforms) = preSolution
		Debug|Any CPU = Debug|Any CPU
		Release|Any CPU = Release|Any CPU
	EndGlobalSection
	GlobalSection(ProjectConfigurationPlatforms) = postSolution
		{7C81DE3C-7212-417B-B0D8-40984C72DE9A}.Debug|Any CPU.ActiveCfg = Debug|Any CPU
		{7C81DE3C-7212-417B-B0D8-40984C72DE9A}.Debug|Any CPU.Build.0 = Debug|Any CPU
		{7C81DE3C-7212-417B-B0D8-40984C72DE9A}.Release|Any CPU.ActiveCfg = Release|Any CPU
		{7C81DE3C-7212-417B-B0D8-40984C72DE9A}.Release|Any CPU.Build.0 = Release|Any CPU
	EndGlobalSection
	GlobalSection(SolutionProperties) = preSolution
		HideSolutionNode = FALSE
	EndGlobalSection
	GlobalSection(ExtensibilityGlobals) = postSolution
		SolutionGuid = {A23E213E-5A80-43C6-A524-164DC5CD6D34}
	EndGlobalSection
EndGlobal
